
Microsoft Visual Studio Solution File, Format Version 12.00
# Visual Studio Version 17
VisualStudioVersion = 17.14.36518.9 d17.14
MinimumVisualStudioVersion = 10.0.40219.1
Project("{FAE04EC0-301F-11D3-BF4B-00C04F79EFBC}") = "Szogyakorlo", "Szogyakorlo.csproj", "{32765DCF-904C-4E53-B80A-139ACCA38429}"
EndProject
Global
	GlobalSection(SolutionConfigurationPlatforms) = preSolution
		Debug|Any CPU = Debug|Any CPU
		Release|Any CPU = Release|Any CPU
	EndGlobalSection
	GlobalSection(ProjectConfigurationPlatforms) = postSolution
		{32765DCF-904C-4E53-B80A-139ACCA38429}.Debug|Any CPU.ActiveCfg = Debug|Any CPU
		{32765DCF-904C-4E53-B80A-139ACCA38429}.Debug|Any CPU.Build.0 = Debug|Any CPU
		{32765DCF-904C-4E53-B80A-139ACCA38429}.Release|Any CPU.ActiveCfg = Release|Any CPU
		{32765DCF-904C-4E53-B80A-139ACCA38429}.Release|Any CPU.Build.0 = Release|Any CPU
	EndGlobalSection
	GlobalSection(SolutionProperties) = preSolution
		HideSolutionNode = FALSE
	EndGlobalSection
	GlobalSection(ExtensibilityGlobals) = postSolution
		SolutionGuid = {B9E38092-64D9-4407-BA37-2B27B05A7905}
	EndGlobalSection
EndGlobal
